
Microsoft Visual Studio Solution File, Format Version 12.00
# Visual Studio 15
VisualStudioVersion = 15.0.28307.960
MinimumVisualStudioVersion = 10.0.40219.1
Project("{FAE04EC0-301F-11D3-BF4B-00C04F79EFBC}") = "RevitAPIExtension", "RevitAPIExtension\RevitAPIExtension.csproj", "{6790FB01-3D9B-4286-9EC5-A66F12D7743E}"
EndProject
Global
	GlobalSection(SolutionConfigurationPlatforms) = preSolution
		Debug|Any CPU = Debug|Any CPU
		Release|Any CPU = Release|Any CPU
	EndGlobalSection
	GlobalSection(ProjectConfigurationPlatforms) = postSolution
		{6790FB01-3D9B-4286-9EC5-A66F12D7743E}.Debug|Any CPU.ActiveCfg = Debug|Any CPU
		{6790FB01-3D9B-4286-9EC5-A66F12D7743E}.Debug|Any CPU.Build.0 = Debug|Any CPU
		{6790FB01-3D9B-4286-9EC5-A66F12D7743E}.Release|Any CPU.ActiveCfg = Release|Any CPU
		{6790FB01-3D9B-4286-9EC5-A66F12D7743E}.Release|Any CPU.Build.0 = Release|Any CPU
	EndGlobalSection
	GlobalSection(SolutionProperties) = preSolution
		HideSolutionNode = FALSE
	EndGlobalSection
	GlobalSection(ExtensibilityGlobals) = postSolution
		SolutionGuid = {D416BCA1-D601-4E04-A935-5B7DF910F686}
	EndGlobalSection
EndGlobal
